Microsoft Visual Studio Solution File, Format Version 12.00
# Visual Studio Version 17
VisualStudioVersion = 17.5.2.0
MinimumVisualStudioVersion = 10.0.40219.1
Project("{FAE04EC0-301F-11D3-BF4B-00C04F79EFBC}") = "PharmacyManagement.Backend", "PharmacyManagement.Backend\PharmacyManagement.Backend.csproj", "{525F6B60-6445-36CC-A9CA-4916E7FAA52B}"
EndProject
Global
	GlobalSection(SolutionConfigurationPlatforms) = preSolution
		Debug|Any CPU = Debug|Any CPU
		Release|Any CPU = Release|Any CPU
	EndGlobalSection
	GlobalSection(ProjectConfigurationPlatforms) = postSolution
		{525F6B60-6445-36CC-A9CA-4916E7FAA52B}.Debug|Any CPU.ActiveCfg = Debug|Any CPU
		{525F6B60-6445-36CC-A9CA-4916E7FAA52B}.Debug|Any CPU.Build.0 = Debug|Any CPU
		{525F6B60-6445-36CC-A9CA-4916E7FAA52B}.Release|Any CPU.ActiveCfg = Release|Any CPU
		{525F6B60-6445-36CC-A9CA-4916E7FAA52B}.Release|Any CPU.Build.0 = Release|Any CPU
	EndGlobalSection
	GlobalSection(SolutionProperties) = preSolution
		HideSolutionNode = FALSE
	EndGlobalSection
	GlobalSection(ExtensibilityGlobals) = postSolution
		SolutionGuid = {9A49395B-5EC6-48AE-BCBB-F80FF1C1C873}
	EndGlobalSection
EndGlobal
